{
    "_meta": {
        "hash": {
            "sha256": "b29cc63731fc2a6be48eff126c81701f0f7396b649c93b8a80d90e621b452f66"
        },
        "pipfile-spec": 6,
        "requires": {
            "python_version": "3.7"
        },
        "sources": [
            {
                "name": "pypi",
                "url": "https://pypi.org/simple",
                "verify_ssl": true
            }
        ]
    },
    "default": {
        "discord-py": {
            "git": "https://github.com/Rapptz/discord.py",
            "ref": "3f06f247c039a23948e7bb0014ea31db533b4ba2"
        }
    },
    "develop": {}
}
